Microsoft Visual Studio Solution File, Format Version 12.00
# Visual Studio Version 17
VisualStudioVersion = 17.5.2.0
MinimumVisualStudioVersion = 10.0.40219.1
Project("{FAE04EC0-301F-11D3-BF4B-00C04F79EFBC}") = "Cooney.AI.SourceGenerators", "Cooney.AI.SourceGenerators.csproj", "{006CDEE6-0DC3-2968-F92C-4E218B2B7B7A}"
EndProject
Global
	GlobalSection(SolutionConfigurationPlatforms) = preSolution
		Debug|Any CPU = Debug|Any CPU
		Release|Any CPU = Release|Any CPU
	EndGlobalSection
	GlobalSection(ProjectConfigurationPlatforms) = postSolution
		{006CDEE6-0DC3-2968-F92C-4E218B2B7B7A}.Debug|Any CPU.ActiveCfg = Debug|Any CPU
		{006CDEE6-0DC3-2968-F92C-4E218B2B7B7A}.Debug|Any CPU.Build.0 = Debug|Any CPU
		{006CDEE6-0DC3-2968-F92C-4E218B2B7B7A}.Release|Any CPU.ActiveCfg = Release|Any CPU
		{006CDEE6-0DC3-2968-F92C-4E218B2B7B7A}.Release|Any CPU.Build.0 = Release|Any CPU
	EndGlobalSection
	GlobalSection(SolutionProperties) = preSolution
		HideSolutionNode = FALSE
	EndGlobalSection
	GlobalSection(ExtensibilityGlobals) = postSolution
		SolutionGuid = {1EC62184-CC1D-48E2-AE61-795FE61EAA66}
	EndGlobalSection
EndGlobal
